
Microsoft Visual Studio Solution File, Format Version 12.00
# Visual Studio 15
VisualStudioVersion = 15.0.28010.2026
MinimumVisualStudioVersion = 10.0.40219.1
Project("{FAE04EC0-301F-11D3-BF4B-00C04F79EFBC}") = "ComputerGraphics7", "ComputerGraphics7.csproj", "{F68A3E15-B08F-4244-BF79-440D3729D9C9}"
EndProject
Global
	GlobalSection(SolutionConfigurationPlatforms) = preSolution
		Debug|Any CPU = Debug|Any CPU
		Release|Any CPU = Release|Any CPU
	EndGlobalSection
	GlobalSection(ProjectConfigurationPlatforms) = postSolution
		{F68A3E15-B08F-4244-BF79-440D3729D9C9}.Debug|Any CPU.ActiveCfg = Debug|Any CPU
		{F68A3E15-B08F-4244-BF79-440D3729D9C9}.Debug|Any CPU.Build.0 = Debug|Any CPU
		{F68A3E15-B08F-4244-BF79-440D3729D9C9}.Release|Any CPU.ActiveCfg = Release|Any CPU
		{F68A3E15-B08F-4244-BF79-440D3729D9C9}.Release|Any CPU.Build.0 = Release|Any CPU
	EndGlobalSection
	GlobalSection(SolutionProperties) = preSolution
		HideSolutionNode = FALSE
	EndGlobalSection
	GlobalSection(ExtensibilityGlobals) = postSolution
		SolutionGuid = {34AFED05-2B3E-4CC5-8C6E-13C79AB41A3C}
	EndGlobalSection
EndGlobal
