
Microsoft Visual Studio Solution File, Format Version 12.00
# Visual Studio 15
VisualStudioVersion = 15.0.28010.2026
MinimumVisualStudioVersion = 10.0.40219.1
Project("{FAE04EC0-301F-11D3-BF4B-00C04F79EFBC}") = "ComputerGraphics8", "ComputerGraphics8.csproj", "{925F6D23-3397-4F9D-BAAC-1B0A9F341C65}"
EndProject
Global
	GlobalSection(SolutionConfigurationPlatforms) = preSolution
		Debug|Any CPU = Debug|Any CPU
		Release|Any CPU = Release|Any CPU
	EndGlobalSection
	GlobalSection(ProjectConfigurationPlatforms) = postSolution
		{925F6D23-3397-4F9D-BAAC-1B0A9F341C65}.Debug|Any CPU.ActiveCfg = Debug|Any CPU
		{925F6D23-3397-4F9D-BAAC-1B0A9F341C65}.Debug|Any CPU.Build.0 = Debug|Any CPU
		{925F6D23-3397-4F9D-BAAC-1B0A9F341C65}.Release|Any CPU.ActiveCfg = Release|Any CPU
		{925F6D23-3397-4F9D-BAAC-1B0A9F341C65}.Release|Any CPU.Build.0 = Release|Any CPU
	EndGlobalSection
	GlobalSection(SolutionProperties) = preSolution
		HideSolutionNode = FALSE
	EndGlobalSection
	GlobalSection(ExtensibilityGlobals) = postSolution
		SolutionGuid = {32B01E23-7792-446A-B66E-7B5548BF22A1}
	EndGlobalSection
EndGlobal
