
Microsoft Visual Studio Solution File, Format Version 12.00
# Visual Studio 15
VisualStudioVersion = 15.0.28010.2026
MinimumVisualStudioVersion = 10.0.40219.1
Project("{FAE04EC0-301F-11D3-BF4B-00C04F79EFBC}") = "Texturing", "Texturing.csproj", "{B7BD13A4-6D8B-4FF3-A33F-B8731C2DD09D}"
EndProject
Global
	GlobalSection(SolutionConfigurationPlatforms) = preSolution
		Debug|Any CPU = Debug|Any CPU
		Release|Any CPU = Release|Any CPU
	EndGlobalSection
	GlobalSection(ProjectConfigurationPlatforms) = postSolution
		{B7BD13A4-6D8B-4FF3-A33F-B8731C2DD09D}.Debug|Any CPU.ActiveCfg = Debug|Any CPU
		{B7BD13A4-6D8B-4FF3-A33F-B8731C2DD09D}.Debug|Any CPU.Build.0 = Debug|Any CPU
		{B7BD13A4-6D8B-4FF3-A33F-B8731C2DD09D}.Release|Any CPU.ActiveCfg = Release|Any CPU
		{B7BD13A4-6D8B-4FF3-A33F-B8731C2DD09D}.Release|Any CPU.Build.0 = Release|Any CPU
	EndGlobalSection
	GlobalSection(SolutionProperties) = preSolution
		HideSolutionNode = FALSE
	EndGlobalSection
	GlobalSection(ExtensibilityGlobals) = postSolution
		SolutionGuid = {2FB585DA-1049-492F-83A7-14C227A9204B}
	EndGlobalSection
EndGlobal
