
Microsoft Visual Studio Solution File, Format Version 12.00
# Visual Studio Version 16
VisualStudioVersion = 16.0.29215.179
MinimumVisualStudioVersion = 10.0.40219.1
Project("{8BC9CEB8-8B4A-11D0-8D11-00A0C91BC942}") = "task2", "task2\task2.vcxproj", "{9CE286FF-911C-4010-B851-5A7C126A9967}"
EndProject
Global
	GlobalSection(SolutionConfigurationPlatforms) = preSolution
		Debug|x64 = Debug|x64
		Debug|x86 = Debug|x86
		Release|x64 = Release|x64
		Release|x86 = Release|x86
	EndGlobalSection
	GlobalSection(ProjectConfigurationPlatforms) = postSolution
		{9CE286FF-911C-4010-B851-5A7C126A9967}.Debug|x64.ActiveCfg = Debug|x64
		{9CE286FF-911C-4010-B851-5A7C126A9967}.Debug|x64.Build.0 = Debug|x64
		{9CE286FF-911C-4010-B851-5A7C126A9967}.Debug|x86.ActiveCfg = Debug|Win32
		{9CE286FF-911C-4010-B851-5A7C126A9967}.Debug|x86.Build.0 = Debug|Win32
		{9CE286FF-911C-4010-B851-5A7C126A9967}.Release|x64.ActiveCfg = Release|x64
		{9CE286FF-911C-4010-B851-5A7C126A9967}.Release|x64.Build.0 = Release|x64
		{9CE286FF-911C-4010-B851-5A7C126A9967}.Release|x86.ActiveCfg = Release|Win32
		{9CE286FF-911C-4010-B851-5A7C126A9967}.Release|x86.Build.0 = Release|Win32
	EndGlobalSection
	GlobalSection(SolutionProperties) = preSolution
		HideSolutionNode = FALSE
	EndGlobalSection
	GlobalSection(ExtensibilityGlobals) = postSolution
		SolutionGuid = {BD88CC13-08C3-4FBF-BE87-5343E075782B}
	EndGlobalSection
EndGlobal
