
Microsoft Visual Studio Solution File, Format Version 12.00
# Visual Studio 15
VisualStudioVersion = 15.0.28010.2019
MinimumVisualStudioVersion = 10.0.40219.1
Project("{FAE04EC0-301F-11D3-BF4B-00C04F79EFBC}") = "RayTracing", "RayTracing\RayTracing.csproj", "{21378C2B-74F6-4F01-B710-35CCEB662BD7}"
EndProject
Global
	GlobalSection(SolutionConfigurationPlatforms) = preSolution
		Debug|Any CPU = Debug|Any CPU
		Release|Any CPU = Release|Any CPU
	EndGlobalSection
	GlobalSection(ProjectConfigurationPlatforms) = postSolution
		{21378C2B-74F6-4F01-B710-35CCEB662BD7}.Debug|Any CPU.ActiveCfg = Debug|Any CPU
		{21378C2B-74F6-4F01-B710-35CCEB662BD7}.Debug|Any CPU.Build.0 = Debug|Any CPU
		{21378C2B-74F6-4F01-B710-35CCEB662BD7}.Release|Any CPU.ActiveCfg = Release|Any CPU
		{21378C2B-74F6-4F01-B710-35CCEB662BD7}.Release|Any CPU.Build.0 = Release|Any CPU
	EndGlobalSection
	GlobalSection(SolutionProperties) = preSolution
		HideSolutionNode = FALSE
	EndGlobalSection
	GlobalSection(ExtensibilityGlobals) = postSolution
		SolutionGuid = {306DDAF0-1155-46FD-94AD-4D1F9F79A588}
	EndGlobalSection
EndGlobal
