
Microsoft Visual Studio Solution File, Format Version 12.00
# Visual Studio 15
VisualStudioVersion = 15.0.28010.2026
MinimumVisualStudioVersion = 10.0.40219.1
Project("{FAE04EC0-301F-11D3-BF4B-00C04F79EFBC}") = "floating horyzon", "floating horyzon.csproj", "{63960139-1C8B-4D8F-A445-70BA0D2FC629}"
EndProject
Global
	GlobalSection(SolutionConfigurationPlatforms) = preSolution
		Debug|Any CPU = Debug|Any CPU
		Release|Any CPU = Release|Any CPU
	EndGlobalSection
	GlobalSection(ProjectConfigurationPlatforms) = postSolution
		{63960139-1C8B-4D8F-A445-70BA0D2FC629}.Debug|Any CPU.ActiveCfg = Debug|Any CPU
		{63960139-1C8B-4D8F-A445-70BA0D2FC629}.Debug|Any CPU.Build.0 = Debug|Any CPU
		{63960139-1C8B-4D8F-A445-70BA0D2FC629}.Release|Any CPU.ActiveCfg = Release|Any CPU
		{63960139-1C8B-4D8F-A445-70BA0D2FC629}.Release|Any CPU.Build.0 = Release|Any CPU
	EndGlobalSection
	GlobalSection(SolutionProperties) = preSolution
		HideSolutionNode = FALSE
	EndGlobalSection
	GlobalSection(ExtensibilityGlobals) = postSolution
		SolutionGuid = {679BEC9B-7D2A-4DEE-8FD7-55AF4E46770F}
	EndGlobalSection
EndGlobal
